
Microsoft Visual Studio Solution File, Format Version 12.00
# Visual Studio Version 16
VisualStudioVersion = 16.0.31829.152
MinimumVisualStudioVersion = 10.0.40219.1
Project("{FAE04EC0-301F-11D3-BF4B-00C04F79EFBC}") = "bindingDoKlas", "bindingDoKlas.csproj", "{292FB40F-A46D-443E-8C96-EDA8EF407C19}"
EndProject
Global
	GlobalSection(SolutionConfigurationPlatforms) = preSolution
		Debug|Any CPU = Debug|Any CPU
		Release|Any CPU = Release|Any CPU
	EndGlobalSection
	GlobalSection(ProjectConfigurationPlatforms) = postSolution
		{292FB40F-A46D-443E-8C96-EDA8EF407C19}.Debug|Any CPU.ActiveCfg = Debug|Any CPU
		{292FB40F-A46D-443E-8C96-EDA8EF407C19}.Debug|Any CPU.Build.0 = Debug|Any CPU
		{292FB40F-A46D-443E-8C96-EDA8EF407C19}.Release|Any CPU.ActiveCfg = Release|Any CPU
		{292FB40F-A46D-443E-8C96-EDA8EF407C19}.Release|Any CPU.Build.0 = Release|Any CPU
	EndGlobalSection
	GlobalSection(SolutionProperties) = preSolution
		HideSolutionNode = FALSE
	EndGlobalSection
	GlobalSection(ExtensibilityGlobals) = postSolution
		SolutionGuid = {C1A94775-6C7C-464B-89EB-C31D7B559C75}
	EndGlobalSection
EndGlobal
